{
  "version": 4,
  "terraform_version": "1.11.2",
  "serial": 38,
  "lineage": "d151e270-dfcb-1182-b31e-fb25bad09a7d",
  "outputs": {
    "cosmos_db_connection_string": {
      "value": "AccountEndpoint=https://eventdemocosmosacct.documents.azure.com:443/;AccountKey=7NAkoZu16bT0xIQ7AsDbS2a17EE91UbrQfw8N71aA89r2S32EFiZw3QHzOZvdhZgCiU6oSTS6CiGACDbhJ4G7Q==;",
      "type": "string",
      "sensitive": true
    },
    "event_grid_topic_endpoint": {
      "value": "https://eventdemo-topic.westus-1.eventgrid.azure.net/api/events",
      "type": "string"
    },
    "function_app_okta_handler_name": {
      "value": "func-eventdemo-okta",
      "type": "string"
    },
    "function_app_orchestrator_name": {
      "value": "func-eventdemo-orchestrator",
      "type": "string"
    }
  },
  "resources": [
    {
      "mode": "managed",
      "type": "azurerm_cosmosdb_account",
      "name": "cosmos",
      "provider": "provider[\"registry.terraform.io/hashicorp/azurerm\"]",
      "instances": [
        {
          "schema_version": 1,
          "attributes": {
            "access_key_metadata_writes_enabled": true,
            "analytical_storage": [
              {
                "schema_type": "WellDefined"
              }
            ],
            "analytical_storage_enabled": false,
            "automatic_failover_enabled": false,
            "backup": [
              {
                "interval_in_minutes": 240,
                "retention_in_hours": 8,
                "storage_redundancy": "Geo",
                "tier": "",
                "type": "Periodic"
              }
            ],
            "burst_capacity_enabled": false,
            "capabilities": [],
            "capacity": [],
            "consistency_policy": [
              {
                "consistency_level": "Session",
                "max_interval_in_seconds": 5,
                "max_staleness_prefix": 100
              }
            ],
            "cors_rule": [],
            "create_mode": "",
            "default_identity_type": "FirstPartyIdentity",
            "endpoint": "https://eventdemocosmosacct.documents.azure.com:443/",
            "free_tier_enabled": false,
            "geo_location": [
              {
                "failover_priority": 0,
                "id": "eventdemocosmosacct-westus",
                "location": "westus",
                "zone_redundant": false
              }
            ],
            "id": "/subscriptions/92672e52-ee20-4d1e-84c1-2c3f0ca94fa1/resourceGroups/rg-event-demo/providers/Microsoft.DocumentDB/databaseAccounts/eventdemocosmosacct",
            "identity": [],
            "ip_range_filter": [],
            "is_virtual_network_filter_enabled": false,
            "key_vault_key_id": null,
            "kind": "GlobalDocumentDB",
            "local_authentication_disabled": false,
            "location": "westus",
            "managed_hsm_key_id": null,
            "minimal_tls_version": "Tls12",
            "mongo_server_version": null,
            "multiple_write_locations_enabled": false,
            "name": "eventdemocosmosacct",
            "network_acl_bypass_for_azure_services": false,
            "network_acl_bypass_ids": [],
            "offer_type": "Standard",
            "partition_merge_enabled": false,
            "primary_key": "7NAkoZu16bT0xIQ7AsDbS2a17EE91UbrQfw8N71aA89r2S32EFiZw3QHzOZvdhZgCiU6oSTS6CiGACDbhJ4G7Q==",
            "primary_mongodb_connection_string": null,
            "primary_readonly_key": "xq9BpmHrGMtfIMDPHrfXjICgIkLOXvM6T5KcdJ1t2Mm3YpnCPq9XW7MCG4XNYCgFStE3fYmJmmYAACDbwhk5Cw==",
            "primary_readonly_mongodb_connection_string": null,
            "primary_readonly_sql_connection_string": "AccountEndpoint=https://eventdemocosmosacct.documents.azure.com:443/;AccountKey=xq9BpmHrGMtfIMDPHrfXjICgIkLOXvM6T5KcdJ1t2Mm3YpnCPq9XW7MCG4XNYCgFStE3fYmJmmYAACDbwhk5Cw==;",
            "primary_sql_connection_string": "AccountEndpoint=https://eventdemocosmosacct.documents.azure.com:443/;AccountKey=7NAkoZu16bT0xIQ7AsDbS2a17EE91UbrQfw8N71aA89r2S32EFiZw3QHzOZvdhZgCiU6oSTS6CiGACDbhJ4G7Q==;",
            "public_network_access_enabled": true,
            "read_endpoints": [
              "https://eventdemocosmosacct-westus.documents.azure.com:443/"
            ],
            "resource_group_name": "rg-event-demo",
            "restore": [],
            "secondary_key": "LlCsH54M5Jirr60AV5j871cpv24DcwDxomvAcMADGgi9mBQDwefTE98uHYJdLMP2TlgIlILbxQ1PACDbeQN0vA==",
            "secondary_mongodb_connection_string": null,
            "secondary_readonly_key": "1TU0bkvIFTrTcWCeo016IZHwqk4U7hSzqjgCOABJ156fCJr7QLXbqZi1zh8sAXE1cq5ZUp4gPviqACDbXUksPw==",
            "secondary_readonly_mongodb_connection_string": null,
            "secondary_readonly_sql_connection_string": "AccountEndpoint=https://eventdemocosmosacct.documents.azure.com:443/;AccountKey=1TU0bkvIFTrTcWCeo016IZHwqk4U7hSzqjgCOABJ156fCJr7QLXbqZi1zh8sAXE1cq5ZUp4gPviqACDbXUksPw==;",
            "secondary_sql_connection_string": "AccountEndpoint=https://eventdemocosmosacct.documents.azure.com:443/;AccountKey=LlCsH54M5Jirr60AV5j871cpv24DcwDxomvAcMADGgi9mBQDwefTE98uHYJdLMP2TlgIlILbxQ1PACDbeQN0vA==;",
            "tags": {},
            "timeouts": null,
            "virtual_network_rule": [],
            "write_endpoints": [
              "https://eventdemocosmosacct-westus.documents.azure.com:443/"
            ]
          },
          "sensitive_attributes": [
            [
              {
                "type": "get_attr",
                "value": "secondary_readonly_sql_connection_string"
              }
            ],
            [
              {
                "type": "get_attr",
                "value": "secondary_readonly_mongodb_connection_string"
              }
            ],
            [
              {
                "type": "get_attr",
                "value": "primary_mongodb_connection_string"
              }
            ],
            [
              {
                "type": "get_attr",
                "value": "primary_sql_connection_string"
              }
            ],
            [
              {
                "type": "get_attr",
                "value": "primary_readonly_key"
              }
            ],
            [
              {
                "type": "get_attr",
                "value": "primary_readonly_sql_connection_string"
              }
            ],
            [
              {
                "type": "get_attr",
                "value": "secondary_key"
              }
            ],
            [
              {
                "type": "get_attr",
                "value": "primary_readonly_mongodb_connection_string"
              }
            ],
            [
              {
                "type": "get_attr",
                "value": "secondary_sql_connection_string"
              }
            ],
            [
              {
                "type": "get_attr",
                "value": "secondary_mongodb_connection_string"
              }
            ],
            [
              {
                "type": "get_attr",
                "value": "primary_key"
              }
            ],
            [
              {
                "type": "get_attr",
                "value": "secondary_readonly_key"
              }
            ]
          ],
          "private": "eyJlMmJmYjczMC1lY2FhLTExZTYtOGY4OC0zNDM2M2JjN2M0YzAiOnsiY3JlYXRlIjoxMDgwMDAwMDAwMDAwMCwiZGVsZXRlIjoxMDgwMDAwMDAwMDAwMCwicmVhZCI6MzAwMDAwMDAwMDAwLCJ1cGRhdGUiOjEwODAwMDAwMDAwMDAwfSwic2NoZW1hX3ZlcnNpb24iOiIxIn0=",
          "dependencies": [
            "azurerm_resource_group.rg"
          ]
        }
      ]
    },
    {
      "mode": "managed",
      "type": "azurerm_cosmosdb_sql_container",
      "name": "users",
      "provider": "provider[\"registry.terraform.io/hashicorp/azurerm\"]",
      "instances": [
        {
          "schema_version": 1,
          "attributes": {
            "account_name": "eventdemocosmosacct",
            "analytical_storage_ttl": null,
            "autoscale_settings": [],
            "conflict_resolution_policy": [
              {
                "conflict_resolution_path": "/_ts",
                "conflict_resolution_procedure": "",
                "mode": "LastWriterWins"
              }
            ],
            "database_name": "UserDb",
            "default_ttl": null,
            "id": "/subscriptions/92672e52-ee20-4d1e-84c1-2c3f0ca94fa1/resourceGroups/rg-event-demo/providers/Microsoft.DocumentDB/databaseAccounts/eventdemocosmosacct/sqlDatabases/UserDb/containers/Users",
            "indexing_policy": [
              {
                "composite_index": [],
                "excluded_path": [],
                "included_path": [
                  {
                    "path": "/*"
                  }
                ],
                "indexing_mode": "consistent",
                "spatial_index": []
              }
            ],
            "name": "Users",
            "partition_key_kind": "Hash",
            "partition_key_paths": [
              "/id"
            ],
            "partition_key_version": null,
            "resource_group_name": "rg-event-demo",
            "throughput": 400,
            "timeouts": null,
            "unique_key": []
          },
          "sensitive_attributes": [],
          "private": "eyJlMmJmYjczMC1lY2FhLTExZTYtOGY4OC0zNDM2M2JjN2M0YzAiOnsiY3JlYXRlIjoxODAwMDAwMDAwMDAwLCJkZWxldGUiOjE4MDAwMDAwMDAwMDAsInJlYWQiOjMwMDAwMDAwMDAwMCwidXBkYXRlIjoxODAwMDAwMDAwMDAwfSwic2NoZW1hX3ZlcnNpb24iOiIxIn0=",
          "dependencies": [
            "azurerm_cosmosdb_account.cosmos",
            "azurerm_cosmosdb_sql_database.db",
            "azurerm_resource_group.rg"
          ]
        }
      ]
    },
    {
      "mode": "managed",
      "type": "azurerm_cosmosdb_sql_database",
      "name": "db",
      "provider": "provider[\"registry.terraform.io/hashicorp/azurerm\"]",
      "instances": [
        {
          "schema_version": 1,
          "attributes": {
            "account_name": "eventdemocosmosacct",
            "autoscale_settings": [],
            "id": "/subscriptions/92672e52-ee20-4d1e-84c1-2c3f0ca94fa1/resourceGroups/rg-event-demo/providers/Microsoft.DocumentDB/databaseAccounts/eventdemocosmosacct/sqlDatabases/UserDb",
            "name": "UserDb",
            "resource_group_name": "rg-event-demo",
            "throughput": 0,
            "timeouts": null
          },
          "sensitive_attributes": [],
          "private": "eyJlMmJmYjczMC1lY2FhLTExZTYtOGY4OC0zNDM2M2JjN2M0YzAiOnsiY3JlYXRlIjoxODAwMDAwMDAwMDAwLCJkZWxldGUiOjE4MDAwMDAwMDAwMDAsInJlYWQiOjMwMDAwMDAwMDAwMCwidXBkYXRlIjoxODAwMDAwMDAwMDAwfSwic2NoZW1hX3ZlcnNpb24iOiIxIn0=",
          "dependencies": [
            "azurerm_cosmosdb_account.cosmos",
            "azurerm_resource_group.rg"
          ]
        }
      ]
    },
    {
      "mode": "managed",
      "type": "azurerm_eventgrid_topic",
      "name": "topic",
      "provider": "provider[\"registry.terraform.io/hashicorp/azurerm\"]",
      "instances": [
        {
          "schema_version": 0,
          "attributes": {
            "endpoint": "https://eventdemo-topic.westus-1.eventgrid.azure.net/api/events",
            "id": "/subscriptions/92672e52-ee20-4d1e-84c1-2c3f0ca94fa1/resourceGroups/rg-event-demo/providers/Microsoft.EventGrid/topics/eventdemo-topic",
            "identity": [],
            "inbound_ip_rule": [],
            "input_mapping_default_values": [],
            "input_mapping_fields": [],
            "input_schema": "EventGridSchema",
            "local_auth_enabled": true,
            "location": "westus",
            "name": "eventdemo-topic",
            "primary_access_key": "BdDfyAFDm9q16W5MslM6cDBU53QX9aVFAg6bHdCNRAtkkuk8PVeVJQQJ99BEAC4f1cMXJ3w3AAABAZEGxTCW",
            "public_network_access_enabled": true,
            "resource_group_name": "rg-event-demo",
            "secondary_access_key": "6pRgrzhuujaFhyifuyFGFbGP42v9VJCaymm8ydgQec9GsDBUMzyWJQQJ99BEAC4f1cMXJ3w3AAABAZEGVVlb",
            "tags": {},
            "timeouts": null
          },
          "sensitive_attributes": [
            [
              {
                "type": "get_attr",
                "value": "primary_access_key"
              }
            ],
            [
              {
                "type": "get_attr",
                "value": "secondary_access_key"
              }
            ]
          ],
          "private": "eyJlMmJmYjczMC1lY2FhLTExZTYtOGY4OC0zNDM2M2JjN2M0YzAiOnsiY3JlYXRlIjoxODAwMDAwMDAwMDAwLCJkZWxldGUiOjE4MDAwMDAwMDAwMDAsInJlYWQiOjMwMDAwMDAwMDAwMCwidXBkYXRlIjoxODAwMDAwMDAwMDAwfX0=",
          "dependencies": [
            "azurerm_resource_group.rg"
          ]
        }
      ]
    },
    {
      "mode": "managed",
      "type": "azurerm_linux_function_app",
      "name": "okta_handler",
      "provider": "provider[\"registry.terraform.io/hashicorp/azurerm\"]",
      "instances": [
        {
          "schema_version": 1,
          "attributes": {
            "app_settings": {
              "FUNCTIONS_WORKER_RUNTIME": "dotnet-isolated",
              "OktaDomain": "https://your-org.okta.com",
              "OktaToken": "REPLACE_WITH_YOUR_OKTA_TOKEN"
            },
            "auth_settings": [],
            "auth_settings_v2": [],
            "backup": [],
            "builtin_logging_enabled": true,
            "client_certificate_enabled": false,
            "client_certificate_exclusion_paths": "",
            "client_certificate_mode": "Optional",
            "connection_string": [],
            "content_share_force_disabled": false,
            "custom_domain_verification_id": "E47AE8A05BC9BA03EA5E6B50F6E9D55452664DAC4E7F368D739ADCE728D8E91C",
            "daily_memory_time_quota": 0,
            "default_hostname": "func-eventdemo-okta.azurewebsites.net",
            "enabled": true,
            "ftp_publish_basic_authentication_enabled": true,
            "functions_extension_version": "~4",
            "hosting_environment_id": "",
            "https_only": false,
            "id": "/subscriptions/92672e52-ee20-4d1e-84c1-2c3f0ca94fa1/resourceGroups/rg-event-demo/providers/Microsoft.Web/sites/func-eventdemo-okta",
            "identity": [],
            "key_vault_reference_identity_id": "SystemAssigned",
            "kind": "functionapp,linux",
            "location": "westus",
            "name": "func-eventdemo-okta",
            "outbound_ip_address_list": [
              "40.118.133.8",
              "40.118.169.141",
              "40.118.253.162",
              "13.64.147.140",
              "13.64.73.110"
            ],
            "outbound_ip_addresses": "40.118.133.8,40.118.169.141,40.118.253.162,13.64.147.140,13.64.73.110",
            "possible_outbound_ip_address_list": [
              "40.118.133.8",
              "40.118.169.141",
              "40.118.253.162",
              "13.64.147.140",
              "52.160.85.217",
              "13.93.238.69",
              "104.40.29.88",
              "104.40.24.87",
              "104.40.24.98",
              "137.135.43.157",
              "137.135.46.143",
              "137.135.46.150",
              "137.135.46.162",
              "137.135.46.225",
              "137.135.40.188",
              "137.135.41.100",
              "137.135.50.35",
              "137.135.51.61",
              "13.64.73.110"
            ],
            "possible_outbound_ip_addresses": "40.118.133.8,40.118.169.141,40.118.253.162,13.64.147.140,52.160.85.217,13.93.238.69,104.40.29.88,104.40.24.87,104.40.24.98,137.135.43.157,137.135.46.143,137.135.46.150,137.135.46.162,137.135.46.225,137.135.40.188,137.135.41.100,137.135.50.35,137.135.51.61,13.64.73.110",
            "public_network_access_enabled": true,
            "resource_group_name": "rg-event-demo",
            "service_plan_id": "/subscriptions/92672e52-ee20-4d1e-84c1-2c3f0ca94fa1/resourceGroups/rg-event-demo/providers/Microsoft.Web/serverFarms/event-demo-plan",
            "site_config": [
              {
                "always_on": false,
                "api_definition_url": "",
                "api_management_api_id": "",
                "app_command_line": "",
                "app_scale_limit": 200,
                "app_service_logs": [],
                "application_insights_connection_string": "",
                "application_insights_key": "",
                "application_stack": [
                  {
                    "docker": [],
                    "dotnet_version": "8.0",
                    "java_version": "",
                    "node_version": "",
                    "powershell_core_version": "",
                    "python_version": "",
                    "use_custom_runtime": false,
                    "use_dotnet_isolated_runtime": false
                  }
                ],
                "container_registry_managed_identity_client_id": "",
                "container_registry_use_managed_identity": false,
                "cors": [],
                "default_documents": [
                  "Default.htm",
                  "Default.html",
                  "Default.asp",
                  "index.htm",
                  "index.html",
                  "iisstart.htm",
                  "default.aspx",
                  "index.php"
                ],
                "detailed_error_logging_enabled": false,
                "elastic_instance_minimum": 1,
                "ftps_state": "Disabled",
                "health_check_eviction_time_in_min": 0,
                "health_check_path": "",
                "http2_enabled": false,
                "ip_restriction": [],
                "ip_restriction_default_action": "Allow",
                "linux_fx_version": "DOTNET|8.0",
                "load_balancing_mode": "LeastRequests",
                "managed_pipeline_mode": "Integrated",
                "minimum_tls_version": "1.2",
                "pre_warmed_instance_count": 0,
                "remote_debugging_enabled": false,
                "remote_debugging_version": "",
                "runtime_scale_monitoring_enabled": false,
                "scm_ip_restriction": [],
                "scm_ip_restriction_default_action": "Allow",
                "scm_minimum_tls_version": "1.2",
                "scm_type": "None",
                "scm_use_main_ip_restriction": false,
                "use_32_bit_worker": false,
                "vnet_route_all_enabled": false,
                "websockets_enabled": false,
                "worker_count": 1
              }
            ],
            "site_credential": [
              {
                "name": "$func-eventdemo-okta",
                "password": "QXDYmo7Ptwsm5e4Lb9xqgaMDbmkDyuchnN6BhjEqkhaevdMbRyla2qw4qhol"
              }
            ],
            "sticky_settings": [],
            "storage_account": [],
            "storage_account_access_key": "sAczlmVG55N56sDsGHNTzi3Kk3sZHFk4ZpYPW4nv+vg1m7LGuq1SFwa3sCQAgPiMBaMQYCl2CLIF+AStv3/6Ig==",
            "storage_account_name": "evtdemostgacct",
            "storage_key_vault_secret_id": "",
            "storage_uses_managed_identity": false,
            "tags": {},
            "timeouts": null,
            "virtual_network_backup_restore_enabled": false,
            "virtual_network_subnet_id": "",
            "vnet_image_pull_enabled": false,
            "webdeploy_publish_basic_authentication_enabled": true,
            "zip_deploy_file": ""
          },
          "sensitive_attributes": [
            [
              {
                "type": "get_attr",
                "value": "site_config"
              },
              {
                "type": "index",
                "value": {
                  "value": 0,
                  "type": "number"
                }
              },
              {
                "type": "get_attr",
                "value": "application_insights_key"
              }
            ],
            [
              {
                "type": "get_attr",
                "value": "site_config"
              },
              {
                "type": "index",
                "value": {
                  "value": 0,
                  "type": "number"
                }
              },
              {
                "type": "get_attr",
                "value": "application_insights_connection_string"
              }
            ],
            [
              {
                "type": "get_attr",
                "value": "site_credential"
              }
            ],
            [
              {
                "type": "get_attr",
                "value": "app_settings"
              },
              {
                "type": "index",
                "value": {
                  "value": "OktaToken",
                  "type": "string"
                }
              }
            ],
            [
              {
                "type": "get_attr",
                "value": "storage_account_access_key"
              }
            ],
            [
              {
                "type": "get_attr",
                "value": "custom_domain_verification_id"
              }
            ]
          ],
          "private": "eyJlMmJmYjczMC1lY2FhLTExZTYtOGY4OC0zNDM2M2JjN2M0YzAiOnsiY3JlYXRlIjoxODAwMDAwMDAwMDAwLCJkZWxldGUiOjE4MDAwMDAwMDAwMDAsInJlYWQiOjMwMDAwMDAwMDAwMCwidXBkYXRlIjoxODAwMDAwMDAwMDAwfSwic2NoZW1hX3ZlcnNpb24iOiIxIn0=",
          "dependencies": [
            "azurerm_resource_group.rg",
            "azurerm_service_plan.plan",
            "azurerm_storage_account.storage"
          ]
        }
      ]
    },
    {
      "mode": "managed",
      "type": "azurerm_linux_function_app",
      "name": "orchestrator",
      "provider": "provider[\"registry.terraform.io/hashicorp/azurerm\"]",
      "instances": [
        {
          "schema_version": 1,
          "attributes": {
            "app_settings": {
              "CosmosDBConnection": "AccountEndpoint=https://eventdemocosmosacct.documents.azure.com:443/;AccountKey=7NAkoZu16bT0xIQ7AsDbS2a17EE91UbrQfw8N71aA89r2S32EFiZw3QHzOZvdhZgCiU6oSTS6CiGACDbhJ4G7Q==;",
              "EventGridKey": "BdDfyAFDm9q16W5MslM6cDBU53QX9aVFAg6bHdCNRAtkkuk8PVeVJQQJ99BEAC4f1cMXJ3w3AAABAZEGxTCW",
              "EventGridTopicEndpoint": "https://eventdemo-topic.westus-1.eventgrid.azure.net/api/events",
              "FUNCTIONS_WORKER_RUNTIME": "dotnet-isolated"
            },
            "auth_settings": [],
            "auth_settings_v2": [],
            "backup": [],
            "builtin_logging_enabled": true,
            "client_certificate_enabled": false,
            "client_certificate_exclusion_paths": "",
            "client_certificate_mode": "Optional",
            "connection_string": [],
            "content_share_force_disabled": false,
            "custom_domain_verification_id": "E47AE8A05BC9BA03EA5E6B50F6E9D55452664DAC4E7F368D739ADCE728D8E91C",
            "daily_memory_time_quota": 0,
            "default_hostname": "func-eventdemo-orchestrator.azurewebsites.net",
            "enabled": true,
            "ftp_publish_basic_authentication_enabled": true,
            "functions_extension_version": "~4",
            "hosting_environment_id": "",
            "https_only": false,
            "id": "/subscriptions/92672e52-ee20-4d1e-84c1-2c3f0ca94fa1/resourceGroups/rg-event-demo/providers/Microsoft.Web/sites/func-eventdemo-orchestrator",
            "identity": [],
            "key_vault_reference_identity_id": "SystemAssigned",
            "kind": "functionapp,linux",
            "location": "westus",
            "name": "func-eventdemo-orchestrator",
            "outbound_ip_address_list": [
              "40.118.133.8",
              "40.118.169.141",
              "40.118.253.162",
              "13.64.147.140",
              "13.64.73.110"
            ],
            "outbound_ip_addresses": "40.118.133.8,40.118.169.141,40.118.253.162,13.64.147.140,13.64.73.110",
            "possible_outbound_ip_address_list": [
              "40.118.133.8",
              "40.118.169.141",
              "40.118.253.162",
              "13.64.147.140",
              "52.160.85.217",
              "13.93.238.69",
              "104.40.29.88",
              "104.40.24.87",
              "104.40.24.98",
              "137.135.43.157",
              "137.135.46.143",
              "137.135.46.150",
              "137.135.46.162",
              "137.135.46.225",
              "137.135.40.188",
              "137.135.41.100",
              "137.135.50.35",
              "137.135.51.61",
              "13.64.73.110"
            ],
            "possible_outbound_ip_addresses": "40.118.133.8,40.118.169.141,40.118.253.162,13.64.147.140,52.160.85.217,13.93.238.69,104.40.29.88,104.40.24.87,104.40.24.98,137.135.43.157,137.135.46.143,137.135.46.150,137.135.46.162,137.135.46.225,137.135.40.188,137.135.41.100,137.135.50.35,137.135.51.61,13.64.73.110",
            "public_network_access_enabled": true,
            "resource_group_name": "rg-event-demo",
            "service_plan_id": "/subscriptions/92672e52-ee20-4d1e-84c1-2c3f0ca94fa1/resourceGroups/rg-event-demo/providers/Microsoft.Web/serverFarms/event-demo-plan",
            "site_config": [
              {
                "always_on": false,
                "api_definition_url": "",
                "api_management_api_id": "",
                "app_command_line": "",
                "app_scale_limit": 200,
                "app_service_logs": [],
                "application_insights_connection_string": "",
                "application_insights_key": "",
                "application_stack": [
                  {
                    "docker": [],
                    "dotnet_version": "8.0",
                    "java_version": "",
                    "node_version": "",
                    "powershell_core_version": "",
                    "python_version": "",
                    "use_custom_runtime": false,
                    "use_dotnet_isolated_runtime": false
                  }
                ],
                "container_registry_managed_identity_client_id": "",
                "container_registry_use_managed_identity": false,
                "cors": [],
                "default_documents": [
                  "Default.htm",
                  "Default.html",
                  "Default.asp",
                  "index.htm",
                  "index.html",
                  "iisstart.htm",
                  "default.aspx",
                  "index.php"
                ],
                "detailed_error_logging_enabled": false,
                "elastic_instance_minimum": 0,
                "ftps_state": "Disabled",
                "health_check_eviction_time_in_min": 0,
                "health_check_path": "",
                "http2_enabled": false,
                "ip_restriction": [],
                "ip_restriction_default_action": "Allow",
                "linux_fx_version": "DOTNET|8.0",
                "load_balancing_mode": "LeastRequests",
                "managed_pipeline_mode": "Integrated",
                "minimum_tls_version": "1.2",
                "pre_warmed_instance_count": 0,
                "remote_debugging_enabled": false,
                "remote_debugging_version": "",
                "runtime_scale_monitoring_enabled": false,
                "scm_ip_restriction": [],
                "scm_ip_restriction_default_action": "Allow",
                "scm_minimum_tls_version": "1.2",
                "scm_type": "None",
                "scm_use_main_ip_restriction": false,
                "use_32_bit_worker": false,
                "vnet_route_all_enabled": false,
                "websockets_enabled": false,
                "worker_count": 1
              }
            ],
            "site_credential": [
              {
                "name": "$func-eventdemo-orchestrator",
                "password": "61bHpvHcbgCs7ofy3dK79qobEsrf6wH50SD5yhwmramta6sFmdamqhiZYd1L"
              }
            ],
            "sticky_settings": [],
            "storage_account": [],
            "storage_account_access_key": "sAczlmVG55N56sDsGHNTzi3Kk3sZHFk4ZpYPW4nv+vg1m7LGuq1SFwa3sCQAgPiMBaMQYCl2CLIF+AStv3/6Ig==",
            "storage_account_name": "evtdemostgacct",
            "storage_key_vault_secret_id": "",
            "storage_uses_managed_identity": false,
            "tags": null,
            "timeouts": null,
            "virtual_network_backup_restore_enabled": false,
            "virtual_network_subnet_id": "",
            "vnet_image_pull_enabled": false,
            "webdeploy_publish_basic_authentication_enabled": true,
            "zip_deploy_file": ""
          },
          "sensitive_attributes": [
            [
              {
                "type": "get_attr",
                "value": "site_credential"
              }
            ],
            [
              {
                "type": "get_attr",
                "value": "custom_domain_verification_id"
              }
            ],
            [
              {
                "type": "get_attr",
                "value": "app_settings"
              },
              {
                "type": "index",
                "value": {
                  "value": "CosmosDBConnection",
                  "type": "string"
                }
              }
            ],
            [
              {
                "type": "get_attr",
                "value": "app_settings"
              },
              {
                "type": "index",
                "value": {
                  "value": "EventGridKey",
                  "type": "string"
                }
              }
            ],
            [
              {
                "type": "get_attr",
                "value": "storage_account_access_key"
              }
            ],
            [
              {
                "type": "get_attr",
                "value": "site_config"
              },
              {
                "type": "index",
                "value": {
                  "value": 0,
                  "type": "number"
                }
              },
              {
                "type": "get_attr",
                "value": "application_insights_key"
              }
            ],
            [
              {
                "type": "get_attr",
                "value": "site_config"
              },
              {
                "type": "index",
                "value": {
                  "value": 0,
                  "type": "number"
                }
              },
              {
                "type": "get_attr",
                "value": "application_insights_connection_string"
              }
            ]
          ],
          "private": "eyJlMmJmYjczMC1lY2FhLTExZTYtOGY4OC0zNDM2M2JjN2M0YzAiOnsiY3JlYXRlIjoxODAwMDAwMDAwMDAwLCJkZWxldGUiOjE4MDAwMDAwMDAwMDAsInJlYWQiOjMwMDAwMDAwMDAwMCwidXBkYXRlIjoxODAwMDAwMDAwMDAwfSwic2NoZW1hX3ZlcnNpb24iOiIxIn0=",
          "dependencies": [
            "azurerm_cosmosdb_account.cosmos",
            "azurerm_eventgrid_topic.topic",
            "azurerm_resource_group.rg",
            "azurerm_service_plan.plan",
            "azurerm_storage_account.storage"
          ]
        }
      ]
    },
    {
      "mode": "managed",
      "type": "azurerm_resource_group",
      "name": "rg",
      "provider": "provider[\"registry.terraform.io/hashicorp/azurerm\"]",
      "instances": [
        {
          "schema_version": 0,
          "attributes": {
            "id": "/subscriptions/92672e52-ee20-4d1e-84c1-2c3f0ca94fa1/resourceGroups/rg-event-demo",
            "location": "westus",
            "managed_by": "",
            "name": "rg-event-demo",
            "tags": {},
            "timeouts": null
          },
          "sensitive_attributes": [],
          "private": "eyJlMmJmYjczMC1lY2FhLTExZTYtOGY4OC0zNDM2M2JjN2M0YzAiOnsiY3JlYXRlIjo1NDAwMDAwMDAwMDAwLCJkZWxldGUiOjU0MDAwMDAwMDAwMDAsInJlYWQiOjMwMDAwMDAwMDAwMCwidXBkYXRlIjo1NDAwMDAwMDAwMDAwfX0="
        }
      ]
    },
    {
      "mode": "managed",
      "type": "azurerm_service_plan",
      "name": "plan",
      "provider": "provider[\"registry.terraform.io/hashicorp/azurerm\"]",
      "instances": [
        {
          "schema_version": 1,
          "attributes": {
            "app_service_environment_id": "",
            "id": "/subscriptions/92672e52-ee20-4d1e-84c1-2c3f0ca94fa1/resourceGroups/rg-event-demo/providers/Microsoft.Web/serverFarms/event-demo-plan",
            "kind": "functionapp",
            "location": "westus",
            "maximum_elastic_worker_count": 1,
            "name": "event-demo-plan",
            "os_type": "Linux",
            "per_site_scaling_enabled": false,
            "premium_plan_auto_scale_enabled": false,
            "reserved": true,
            "resource_group_name": "rg-event-demo",
            "sku_name": "Y1",
            "tags": {},
            "timeouts": null,
            "worker_count": 0,
            "zone_balancing_enabled": false
          },
          "sensitive_attributes": [],
          "private": "eyJlMmJmYjczMC1lY2FhLTExZTYtOGY4OC0zNDM2M2JjN2M0YzAiOnsiY3JlYXRlIjozNjAwMDAwMDAwMDAwLCJkZWxldGUiOjM2MDAwMDAwMDAwMDAsInJlYWQiOjMwMDAwMDAwMDAwMCwidXBkYXRlIjozNjAwMDAwMDAwMDAwfSwic2NoZW1hX3ZlcnNpb24iOiIxIn0=",
          "dependencies": [
            "azurerm_resource_group.rg"
          ]
        }
      ]
    },
    {
      "mode": "managed",
      "type": "azurerm_storage_account",
      "name": "storage",
      "provider": "provider[\"registry.terraform.io/hashicorp/azurerm\"]",
      "instances": [
        {
          "schema_version": 4,
          "attributes": {
            "access_tier": "Hot",
            "account_kind": "StorageV2",
            "account_replication_type": "LRS",
            "account_tier": "Standard",
            "allow_nested_items_to_be_public": true,
            "allowed_copy_scope": "",
            "azure_files_authentication": [],
            "blob_properties": [
              {
                "change_feed_enabled": false,
                "change_feed_retention_in_days": 0,
                "container_delete_retention_policy": [],
                "cors_rule": [],
                "default_service_version": "",
                "delete_retention_policy": [],
                "last_access_time_enabled": false,
                "restore_policy": [],
                "versioning_enabled": false
              }
            ],
            "cross_tenant_replication_enabled": false,
            "custom_domain": [],
            "customer_managed_key": [],
            "default_to_oauth_authentication": false,
            "dns_endpoint_type": "Standard",
            "edge_zone": "",
            "https_traffic_only_enabled": true,
            "id": "/subscriptions/92672e52-ee20-4d1e-84c1-2c3f0ca94fa1/resourceGroups/rg-event-demo/providers/Microsoft.Storage/storageAccounts/evtdemostgacct",
            "identity": [],
            "immutability_policy": [],
            "infrastructure_encryption_enabled": false,
            "is_hns_enabled": false,
            "large_file_share_enabled": false,
            "local_user_enabled": true,
            "location": "westus",
            "min_tls_version": "TLS1_2",
            "name": "evtdemostgacct",
            "network_rules": [],
            "nfsv3_enabled": false,
            "primary_access_key": "sAczlmVG55N56sDsGHNTzi3Kk3sZHFk4ZpYPW4nv+vg1m7LGuq1SFwa3sCQAgPiMBaMQYCl2CLIF+AStv3/6Ig==",
            "primary_blob_connection_string": "DefaultEndpointsProtocol=https;BlobEndpoint=https://evtdemostgacct.blob.core.windows.net/;AccountName=evtdemostgacct;AccountKey=sAczlmVG55N56sDsGHNTzi3Kk3sZHFk4ZpYPW4nv+vg1m7LGuq1SFwa3sCQAgPiMBaMQYCl2CLIF+AStv3/6Ig==",
            "primary_blob_endpoint": "https://evtdemostgacct.blob.core.windows.net/",
            "primary_blob_host": "evtdemostgacct.blob.core.windows.net",
            "primary_blob_internet_endpoint": "",
            "primary_blob_internet_host": "",
            "primary_blob_microsoft_endpoint": "",
            "primary_blob_microsoft_host": "",
            "primary_connection_string": "DefaultEndpointsProtocol=https;AccountName=evtdemostgacct;AccountKey=sAczlmVG55N56sDsGHNTzi3Kk3sZHFk4ZpYPW4nv+vg1m7LGuq1SFwa3sCQAgPiMBaMQYCl2CLIF+AStv3/6Ig==;EndpointSuffix=core.windows.net",
            "primary_dfs_endpoint": "https://evtdemostgacct.dfs.core.windows.net/",
            "primary_dfs_host": "evtdemostgacct.dfs.core.windows.net",
            "primary_dfs_internet_endpoint": "",
            "primary_dfs_internet_host": "",
            "primary_dfs_microsoft_endpoint": "",
            "primary_dfs_microsoft_host": "",
            "primary_file_endpoint": "https://evtdemostgacct.file.core.windows.net/",
            "primary_file_host": "evtdemostgacct.file.core.windows.net",
            "primary_file_internet_endpoint": "",
            "primary_file_internet_host": "",
            "primary_file_microsoft_endpoint": "",
            "primary_file_microsoft_host": "",
            "primary_location": "westus",
            "primary_queue_endpoint": "https://evtdemostgacct.queue.core.windows.net/",
            "primary_queue_host": "evtdemostgacct.queue.core.windows.net",
            "primary_queue_microsoft_endpoint": "",
            "primary_queue_microsoft_host": "",
            "primary_table_endpoint": "https://evtdemostgacct.table.core.windows.net/",
            "primary_table_host": "evtdemostgacct.table.core.windows.net",
            "primary_table_microsoft_endpoint": "",
            "primary_table_microsoft_host": "",
            "primary_web_endpoint": "https://evtdemostgacct.z22.web.core.windows.net/",
            "primary_web_host": "evtdemostgacct.z22.web.core.windows.net",
            "primary_web_internet_endpoint": "",
            "primary_web_internet_host": "",
            "primary_web_microsoft_endpoint": "",
            "primary_web_microsoft_host": "",
            "public_network_access_enabled": true,
            "queue_encryption_key_type": "Service",
            "queue_properties": [
              {
                "cors_rule": [],
                "hour_metrics": [
                  {
                    "enabled": false,
                    "include_apis": false,
                    "retention_policy_days": 0,
                    "version": "1.0"
                  }
                ],
                "logging": [
                  {
                    "delete": false,
                    "read": false,
                    "retention_policy_days": 0,
                    "version": "1.0",
                    "write": false
                  }
                ],
                "minute_metrics": [
                  {
                    "enabled": false,
                    "include_apis": false,
                    "retention_policy_days": 0,
                    "version": "1.0"
                  }
                ]
              }
            ],
            "resource_group_name": "rg-event-demo",
            "routing": [],
            "sas_policy": [],
            "secondary_access_key": "xil6E/RIs++waiLqmjO8GCu6QYNrzbAA6be97of357yHF6UpOjbUPKhEkDyW3lyIdLcwUWr4bGon+AStIGrvAw==",
            "secondary_blob_connection_string": "",
            "secondary_blob_endpoint": "",
            "secondary_blob_host": "",
            "secondary_blob_internet_endpoint": "",
            "secondary_blob_internet_host": "",
            "secondary_blob_microsoft_endpoint": "",
            "secondary_blob_microsoft_host": "",
            "secondary_connection_string": "DefaultEndpointsProtocol=https;AccountName=evtdemostgacct;AccountKey=xil6E/RIs++waiLqmjO8GCu6QYNrzbAA6be97of357yHF6UpOjbUPKhEkDyW3lyIdLcwUWr4bGon+AStIGrvAw==;EndpointSuffix=core.windows.net",
            "secondary_dfs_endpoint": "",
            "secondary_dfs_host": "",
            "secondary_dfs_internet_endpoint": "",
            "secondary_dfs_internet_host": "",
            "secondary_dfs_microsoft_endpoint": "",
            "secondary_dfs_microsoft_host": "",
            "secondary_file_endpoint": "",
            "secondary_file_host": "",
            "secondary_file_internet_endpoint": "",
            "secondary_file_internet_host": "",
            "secondary_file_microsoft_endpoint": "",
            "secondary_file_microsoft_host": "",
            "secondary_location": "",
            "secondary_queue_endpoint": "",
            "secondary_queue_host": "",
            "secondary_queue_microsoft_endpoint": "",
            "secondary_queue_microsoft_host": "",
            "secondary_table_endpoint": "",
            "secondary_table_host": "",
            "secondary_table_microsoft_endpoint": "",
            "secondary_table_microsoft_host": "",
            "secondary_web_endpoint": "",
            "secondary_web_host": "",
            "secondary_web_internet_endpoint": "",
            "secondary_web_internet_host": "",
            "secondary_web_microsoft_endpoint": "",
            "secondary_web_microsoft_host": "",
            "sftp_enabled": false,
            "share_properties": [
              {
                "cors_rule": [],
                "retention_policy": [
                  {
                    "days": 7
                  }
                ],
                "smb": []
              }
            ],
            "shared_access_key_enabled": true,
            "static_website": [],
            "table_encryption_key_type": "Service",
            "tags": {},
            "timeouts": null
          },
          "sensitive_attributes": [
            [
              {
                "type": "get_attr",
                "value": "secondary_access_key"
              }
            ],
            [
              {
                "type": "get_attr",
                "value": "primary_access_key"
              }
            ],
            [
              {
                "type": "get_attr",
                "value": "secondary_blob_connection_string"
              }
            ],
            [
              {
                "type": "get_attr",
                "value": "primary_connection_string"
              }
            ],
            [
              {
                "type": "get_attr",
                "value": "primary_blob_connection_string"
              }
            ],
            [
              {
                "type": "get_attr",
                "value": "secondary_connection_string"
              }
            ]
          ],
          "private": "eyJlMmJmYjczMC1lY2FhLTExZTYtOGY4OC0zNDM2M2JjN2M0YzAiOnsiY3JlYXRlIjozNjAwMDAwMDAwMDAwLCJkZWxldGUiOjM2MDAwMDAwMDAwMDAsInJlYWQiOjMwMDAwMDAwMDAwMCwidXBkYXRlIjozNjAwMDAwMDAwMDAwfSwic2NoZW1hX3ZlcnNpb24iOiI0In0=",
          "dependencies": [
            "azurerm_resource_group.rg"
          ]
        }
      ]
    }
  ],
  "check_results": null
}
